dependencies:
- name: grafana
  repository: https://grafana.github.io/helm-charts
  version: 9.2.10
- name: tempo-distributed
  repository: https://grafana.github.io/helm-charts
  version: 1.46.0
- name: kube-prometheus-stack
  repository: https://prometheus-community.github.io/helm-charts
  version: 75.9.0
- name: loki
  repository: https://grafana.github.io/helm-charts
  version: 6.30.1
- name: minio
  repository: https://charts.bitnami.com/bitnami
  version: 17.0.15
digest: sha256:1a8f50eac62677d4e584a3b5e80597ccb9c310f1e6c5c7848ea0579ff32c1339
generated: "2025-07-23T17:22:48.242255276-03:00"
